{
  "nodes": {
    "dotfiles": {
      "flake": false,
      "locked": {
        "lastModified": 1767026661,
        "narHash": "sha256-zTnv+df2wZhXDapVn8B1hYJ+4C5GLZCKoT6QITbASVQ=",
        "owner": "imlyzh",
        "repo": "dotfiles",
        "rev": "b85a37a3648b6c7ab0696b6a156e57c33c7ff5a0",
        "type": "github"
      },
      "original": {
        "owner": "imlyzh",
        "repo": "dotfiles",
        "type": "github"
      }
    },
    "dotfiles_2": {
      "flake": false,
      "locked": {
        "lastModified": 1767026661,
        "narHash": "sha256-zTnv+df2wZhXDapVn8B1hYJ+4C5GLZCKoT6QITbASVQ=",
        "owner": "imlyzh",
        "repo": "dotfiles",
        "rev": "b85a37a3648b6c7ab0696b6a156e57c33c7ff5a0",
        "type": "github"
      },
      "original": {
        "owner": "imlyzh",
        "repo": "dotfiles",
        "type": "github"
      }
    },
    "home-config": {
      "inputs": {
        "dotfiles": "dotfiles_2",
        "home-manager": "home-manager",
        "nixpkgs": "nixpkgs",
        "rime-ice": "rime-ice"
      },
      "locked": {
        "lastModified": 1767027524,
        "narHash": "sha256-gO0nXgi1Zu5r0+YSJPRPXDoydp4zEPQbTV4PBKjyjr4=",
        "owner": "imlyzh",
        "repo": "home-manager",
        "rev": "d884da78252327a71eea20597397848897420a11",
        "type": "github"
      },
      "original": {
        "owner": "imlyzh",
        "repo": "home-manager",
        "type": "github"
      }
    },
    "home-manager": {
      "inputs": {
        "nixpkgs": [
          "home-config",
          "nixpkgs"
        ]
      },
      "locked": {
        "lastModified": 1767024057,
        "narHash": "sha256-B1aycRjMRvb6QOGbnqDhiDzZwMebj5jxZ5qyJzaKvpI=",
        "owner": "nix-community",
        "repo": "home-manager",
        "rev": "34578a2fdfce4257ce5f5baf6e7efbd4e4e252b1",
        "type": "github"
      },
      "original": {
        "owner": "nix-community",
        "ref": "release-25.11",
        "repo": "home-manager",
        "type": "github"
      }
    },
    "home-manager_2": {
      "inputs": {
        "nixpkgs": [
          "nixpkgs"
        ]
      },
      "locked": {
        "lastModified": 1767024057,
        "narHash": "sha256-B1aycRjMRvb6QOGbnqDhiDzZwMebj5jxZ5qyJzaKvpI=",
        "owner": "nix-community",
        "repo": "home-manager",
        "rev": "34578a2fdfce4257ce5f5baf6e7efbd4e4e252b1",
        "type": "github"
      },
      "original": {
        "owner": "nix-community",
        "ref": "release-25.11",
        "repo": "home-manager",
        "type": "github"
      }
    },
    "nix-darwin": {
      "inputs": {
        "nixpkgs": [
          "nixpkgs"
        ]
      },
      "locked": {
        "lastModified": 1765066094,
        "narHash": "sha256-0YSU35gfRFJzx/lTGgOt6ubP8K6LeW0vaywzNNqxkl4=",
        "owner": "nix-darwin",
        "repo": "nix-darwin",
        "rev": "688427b1aab9afb478ca07989dc754fa543e03d5",
        "type": "github"
      },
      "original": {
        "owner": "nix-darwin",
        "ref": "nix-darwin-25.11",
        "repo": "nix-darwin",
        "type": "github"
      }
    },
    "nixpkgs": {
      "locked": {
        "lastModified": 1766870016,
        "narHash": "sha256-fHmxAesa6XNqnIkcS6+nIHuEmgd/iZSP/VXxweiEuQw=",
        "owner": "NixOS",
        "repo": "nixpkgs",
        "rev": "5c2bc52fb9f8c264ed6c93bd20afa2ff5e763dce",
        "type": "github"
      },
      "original": {
        "owner": "NixOS",
        "ref": "nixpkgs-unstable",
        "repo": "nixpkgs",
        "type": "github"
      }
    },
    "nixpkgs_2": {
      "locked": {
        "lastModified": 1766940934,
        "narHash": "sha256-NpfNotZuIPmD5ymgEGduR/4C52EFU/HEhPpyPSRH/BM=",
        "owner": "NixOS",
        "repo": "nixpkgs",
        "rev": "e78a8c7c212d4ba63a7cb3930653a262abde997e",
        "type": "github"
      },
      "original": {
        "owner": "NixOS",
        "ref": "nixpkgs-25.11-darwin",
        "repo": "nixpkgs",
        "type": "github"
      }
    },
    "rime-ice": {
      "flake": false,
      "locked": {
        "lastModified": 1766566529,
        "narHash": "sha256-rEWf96uoYZm/n8IBSSG5qnXBgiWvrzhD1+GutLqMlg8=",
        "owner": "iDvel",
        "repo": "rime-ice",
        "rev": "cc51682a850e9b89db8856c589b8c13f8b534a7c",
        "type": "github"
      },
      "original": {
        "owner": "iDvel",
        "repo": "rime-ice",
        "type": "github"
      }
    },
    "rime-ice_2": {
      "flake": false,
      "locked": {
        "lastModified": 1766566529,
        "narHash": "sha256-rEWf96uoYZm/n8IBSSG5qnXBgiWvrzhD1+GutLqMlg8=",
        "owner": "iDvel",
        "repo": "rime-ice",
        "rev": "cc51682a850e9b89db8856c589b8c13f8b534a7c",
        "type": "github"
      },
      "original": {
        "owner": "iDvel",
        "repo": "rime-ice",
        "type": "github"
      }
    },
    "root": {
      "inputs": {
        "dotfiles": "dotfiles",
        "home-config": "home-config",
        "home-manager": "home-manager_2",
        "nix-darwin": "nix-darwin",
        "nixpkgs": "nixpkgs_2",
        "rime-ice": "rime-ice_2"
      }
    }
  },
  "root": "root",
  "version": 7
}
