{
  "nodes": {
    "dotfiles": {
      "flake": false,
      "locked": {
        "lastModified": 1767030466,
        "narHash": "sha256-GTJVYRRvj28c8xG+BVRucks0CNU58eJqh+g3YRjfc1I=",
        "owner": "imlyzh",
        "repo": "dotfiles",
        "rev": "f8aa9ad9e8dd82752d975149f589f6d425597db7",
        "type": "github"
      },
      "original": {
        "owner": "imlyzh",
        "repo": "dotfiles",
        "type": "github"
      }
    },
    "dotfiles_2": {
      "flake": false,
      "locked": {
        "lastModified": 1767030466,
        "narHash": "sha256-GTJVYRRvj28c8xG+BVRucks0CNU58eJqh+g3YRjfc1I=",
        "owner": "imlyzh",
        "repo": "dotfiles",
        "rev": "f8aa9ad9e8dd82752d975149f589f6d425597db7",
        "type": "github"
      },
      "original": {
        "owner": "imlyzh",
        "repo": "dotfiles",
        "type": "github"
      }
    },
    "home-config": {
      "inputs": {
        "dotfiles": "dotfiles_2",
        "home-manager": "home-manager",
        "nixpkgs": "nixpkgs",
        "rime-ice": "rime-ice",
        "rime-without-ice": "rime-without-ice"
      },
      "locked": {
        "lastModified": 1767042187,
        "narHash": "sha256-IFqQ97IJKReAySbQeN9s0aVvMn1lNG5WGigYPx/alVI=",
        "owner": "imlyzh",
        "repo": "home-manager",
        "rev": "da9f5397b8c6a140dba30bd37f61850d37575473",
        "type": "github"
      },
      "original": {
        "owner": "imlyzh",
        "repo": "home-manager",
        "type": "github"
      }
    },
    "home-manager": {
      "inputs": {
        "nixpkgs": [
          "home-config",
          "nixpkgs"
        ]
      },
      "locked": {
        "lastModified": 1767024057,
        "narHash": "sha256-B1aycRjMRvb6QOGbnqDhiDzZwMebj5jxZ5qyJzaKvpI=",
        "owner": "nix-community",
        "repo": "home-manager",
        "rev": "34578a2fdfce4257ce5f5baf6e7efbd4e4e252b1",
        "type": "github"
      },
      "original": {
        "owner": "nix-community",
        "ref": "release-25.11",
        "repo": "home-manager",
        "type": "github"
      }
    },
    "home-manager_2": {
      "inputs": {
        "nixpkgs": [
          "nixpkgs"
        ]
      },
      "locked": {
        "lastModified": 1767024057,
        "narHash": "sha256-B1aycRjMRvb6QOGbnqDhiDzZwMebj5jxZ5qyJzaKvpI=",
        "owner": "nix-community",
        "repo": "home-manager",
        "rev": "34578a2fdfce4257ce5f5baf6e7efbd4e4e252b1",
        "type": "github"
      },
      "original": {
        "owner": "nix-community",
        "ref": "release-25.11",
        "repo": "home-manager",
        "type": "github"
      }
    },
    "nix-darwin": {
      "inputs": {
        "nixpkgs": [
          "nixpkgs"
        ]
      },
      "locked": {
        "lastModified": 1765066094,
        "narHash": "sha256-0YSU35gfRFJzx/lTGgOt6ubP8K6LeW0vaywzNNqxkl4=",
        "owner": "nix-darwin",
        "repo": "nix-darwin",
        "rev": "688427b1aab9afb478ca07989dc754fa543e03d5",
        "type": "github"
      },
      "original": {
        "owner": "nix-darwin",
        "ref": "nix-darwin-25.11",
        "repo": "nix-darwin",
        "type": "github"
      }
    },
    "nixpkgs": {
      "locked": {
        "lastModified": 1766996594,
        "narHash": "sha256-SosfgQSqVmOkqVgNYJnxW5FvoIQX4grOcpIKNrIwz4o=",
        "owner": "NixOS",
        "repo": "nixpkgs",
        "rev": "0744ef1b047f07d31d9962d757ffe38ec14a4d41",
        "type": "github"
      },
      "original": {
        "owner": "NixOS",
        "ref": "nixpkgs-unstable",
        "repo": "nixpkgs",
        "type": "github"
      }
    },
    "nixpkgs_2": {
      "locked": {
        "lastModified": 1767018703,
        "narHash": "sha256-IsS/nB8LKQ5L8meu8HTVemYgLzn6M/Kib1/vJ1bq/5Y=",
        "owner": "NixOS",
        "repo": "nixpkgs",
        "rev": "a373b32328b40ab7c493852299ca6845ad691ff3",
        "type": "github"
      },
      "original": {
        "owner": "NixOS",
        "ref": "nixpkgs-25.11-darwin",
        "repo": "nixpkgs",
        "type": "github"
      }
    },
    "rime-ice": {
      "flake": false,
      "locked": {
        "lastModified": 1766566529,
        "narHash": "sha256-rEWf96uoYZm/n8IBSSG5qnXBgiWvrzhD1+GutLqMlg8=",
        "owner": "iDvel",
        "repo": "rime-ice",
        "rev": "cc51682a850e9b89db8856c589b8c13f8b534a7c",
        "type": "github"
      },
      "original": {
        "owner": "iDvel",
        "repo": "rime-ice",
        "type": "github"
      }
    },
    "rime-ice_2": {
      "flake": false,
      "locked": {
        "lastModified": 1766566529,
        "narHash": "sha256-rEWf96uoYZm/n8IBSSG5qnXBgiWvrzhD1+GutLqMlg8=",
        "owner": "iDvel",
        "repo": "rime-ice",
        "rev": "cc51682a850e9b89db8856c589b8c13f8b534a7c",
        "type": "github"
      },
      "original": {
        "owner": "iDvel",
        "repo": "rime-ice",
        "type": "github"
      }
    },
    "rime-without-ice": {
      "flake": false,
      "locked": {
        "lastModified": 1767042017,
        "narHash": "sha256-nqTPMgNMQwxVbuU5oe3G735z4BOiQiPu8NAJhwfpAOI=",
        "owner": "imlyzh",
        "repo": "rime-without-ice",
        "rev": "e0c36fe6042795f22b5bd2e1c75380d0b34c3671",
        "type": "github"
      },
      "original": {
        "owner": "imlyzh",
        "repo": "rime-without-ice",
        "type": "github"
      }
    },
    "rime-without-ice_2": {
      "flake": false,
      "locked": {
        "lastModified": 1767043520,
        "narHash": "sha256-fS1+63n0I9teAVroz/JhcXtVuAbBk+imWo9ZF+6iIo8=",
        "owner": "imlyzh",
        "repo": "rime-without-ice",
        "rev": "be336f0ae91f42e99d2e6f2daa21413d9af50faf",
        "type": "github"
      },
      "original": {
        "owner": "imlyzh",
        "repo": "rime-without-ice",
        "type": "github"
      }
    },
    "root": {
      "inputs": {
        "dotfiles": "dotfiles",
        "home-config": "home-config",
        "home-manager": "home-manager_2",
        "nix-darwin": "nix-darwin",
        "nixpkgs": "nixpkgs_2",
        "rime-ice": "rime-ice_2",
        "rime-without-ice": "rime-without-ice_2"
      }
    }
  },
  "root": "root",
  "version": 7
}
