{
  "nodes": {
    "dotfiles": {
      "flake": false,
      "locked": {
        "lastModified": 1767035847,
        "narHash": "sha256-T4h7zbCSvNYvdT2sjm7tYfmIU4uy/Z86yEUYfGrdxfE=",
        "owner": "imlyzh",
        "repo": "dotfiles",
        "rev": "63d4687b14ded14f7f6537c37f0340d0cd0f592d",
        "type": "github"
      },
      "original": {
        "owner": "imlyzh",
        "repo": "dotfiles",
        "type": "github"
      }
    },
    "dotfiles_2": {
      "flake": false,
      "locked": {
        "lastModified": 1767035847,
        "narHash": "sha256-T4h7zbCSvNYvdT2sjm7tYfmIU4uy/Z86yEUYfGrdxfE=",
        "owner": "imlyzh",
        "repo": "dotfiles",
        "rev": "63d4687b14ded14f7f6537c37f0340d0cd0f592d",
        "type": "github"
      },
      "original": {
        "owner": "imlyzh",
        "repo": "dotfiles",
        "type": "github"
      }
    },
    "home-config": {
      "inputs": {
        "dotfiles": "dotfiles_2",
        "home-manager": "home-manager",
        "nixpkgs": "nixpkgs",
        "rime-ice": "rime-ice",
        "rime-without-ice": "rime-without-ice"
      },
      "locked": {
        "lastModified": 1770551941,
        "narHash": "sha256-jfI45QC3VAbx5H8LIk2HNjn64zI9s2hAhRd2hr8z0nE=",
        "owner": "imlyzh",
        "repo": "home-manager",
        "rev": "3789b33d49097b8989ce2e9d4183a1eca9853454",
        "type": "github"
      },
      "original": {
        "owner": "imlyzh",
        "repo": "home-manager",
        "type": "github"
      }
    },
    "home-manager": {
      "inputs": {
        "nixpkgs": [
          "home-config",
          "nixpkgs"
        ]
      },
      "locked": {
        "lastModified": 1770260404,
        "narHash": "sha256-3iVX1+7YUIt23hBx1WZsUllhbmP2EnXrV8tCRbLxHc8=",
        "owner": "nix-community",
        "repo": "home-manager",
        "rev": "0d782ee42c86b196acff08acfbf41bb7d13eed5b",
        "type": "github"
      },
      "original": {
        "owner": "nix-community",
        "ref": "release-25.11",
        "repo": "home-manager",
        "type": "github"
      }
    },
    "home-manager_2": {
      "inputs": {
        "nixpkgs": [
          "nixpkgs"
        ]
      },
      "locked": {
        "lastModified": 1772633058,
        "narHash": "sha256-SO7JapRy2HPhgmqiLbfnW1kMx5rakPMKZ9z3wtRLQjI=",
        "owner": "nix-community",
        "repo": "home-manager",
        "rev": "080657a04188aca25f8a6c70a0fb2ea7e37f1865",
        "type": "github"
      },
      "original": {
        "owner": "nix-community",
        "ref": "release-25.11",
        "repo": "home-manager",
        "type": "github"
      }
    },
    "nix-darwin": {
      "inputs": {
        "nixpkgs": [
          "nixpkgs"
        ]
      },
      "locked": {
        "lastModified": 1772129556,
        "narHash": "sha256-Utk0zd8STPsUJPyjabhzPc5BpPodLTXrwkpXBHYnpeg=",
        "owner": "nix-darwin",
        "repo": "nix-darwin",
        "rev": "ebec37af18215214173c98cf6356d0aca24a2585",
        "type": "github"
      },
      "original": {
        "owner": "nix-darwin",
        "ref": "nix-darwin-25.11",
        "repo": "nix-darwin",
        "type": "github"
      }
    },
    "nixpkgs": {
      "locked": {
        "lastModified": 1770380644,
        "narHash": "sha256-P7dWMHRUWG5m4G+06jDyThXO7kwSk46C1kgjEWcybkE=",
        "owner": "NixOS",
        "repo": "nixpkgs",
        "rev": "ae67888ff7ef9dff69b3cf0cc0fbfbcd3a722abe",
        "type": "github"
      },
      "original": {
        "owner": "NixOS",
        "ref": "nixpkgs-unstable",
        "repo": "nixpkgs",
        "type": "github"
      }
    },
    "nixpkgs_2": {
      "locked": {
        "lastModified": 1772598333,
        "narHash": "sha256-YaHht/C35INEX3DeJQNWjNaTcPjYmBwwjFJ2jdtr+5U=",
        "owner": "NixOS",
        "repo": "nixpkgs",
        "rev": "fabb8c9deee281e50b1065002c9828f2cf7b2239",
        "type": "github"
      },
      "original": {
        "owner": "NixOS",
        "ref": "nixpkgs-25.11-darwin",
        "repo": "nixpkgs",
        "type": "github"
      }
    },
    "rime-ice": {
      "flake": false,
      "locked": {
        "lastModified": 1770386510,
        "narHash": "sha256-Y6/tU63+JQ9HX1m/kI9VQz6tIhFVRAPSsp6Vf47gzUk=",
        "owner": "iDvel",
        "repo": "rime-ice",
        "rev": "23f0c39a0b443524e37dbff4f085236b32691291",
        "type": "github"
      },
      "original": {
        "owner": "iDvel",
        "repo": "rime-ice",
        "type": "github"
      }
    },
    "rime-ice_2": {
      "flake": false,
      "locked": {
        "lastModified": 1772821739,
        "narHash": "sha256-HsVPe9nRhULG4DsZrw953D6Uyiu9A1sZNc4u50zZ8L0=",
        "owner": "iDvel",
        "repo": "rime-ice",
        "rev": "83b641e74ead2f2c741f1dd9b9896d7a3db072a3",
        "type": "github"
      },
      "original": {
        "owner": "iDvel",
        "repo": "rime-ice",
        "type": "github"
      }
    },
    "rime-without-ice": {
      "flake": false,
      "locked": {
        "lastModified": 1767045811,
        "narHash": "sha256-jECpEoG0Ex52Fern6j3mgnr7fgWQtb1pmrqS46U7wg0=",
        "owner": "imlyzh",
        "repo": "rime-without-ice",
        "rev": "c4a2dc6c92c1aa5ecf6f9c1400c75a191f33ba29",
        "type": "github"
      },
      "original": {
        "owner": "imlyzh",
        "repo": "rime-without-ice",
        "type": "github"
      }
    },
    "rime-without-ice_2": {
      "flake": false,
      "locked": {
        "lastModified": 1767045811,
        "narHash": "sha256-jECpEoG0Ex52Fern6j3mgnr7fgWQtb1pmrqS46U7wg0=",
        "owner": "imlyzh",
        "repo": "rime-without-ice",
        "rev": "c4a2dc6c92c1aa5ecf6f9c1400c75a191f33ba29",
        "type": "github"
      },
      "original": {
        "owner": "imlyzh",
        "repo": "rime-without-ice",
        "type": "github"
      }
    },
    "root": {
      "inputs": {
        "dotfiles": "dotfiles",
        "home-config": "home-config",
        "home-manager": "home-manager_2",
        "nix-darwin": "nix-darwin",
        "nixpkgs": "nixpkgs_2",
        "rime-ice": "rime-ice_2",
        "rime-without-ice": "rime-without-ice_2"
      }
    }
  },
  "root": "root",
  "version": 7
}
